Microsoft Visual Studio Solution File, Format Version 12.00
# Visual Studio Version 17
VisualStudioVersion = 17.5.2.0
MinimumVisualStudioVersion = 10.0.40219.1
Project("{FAE04EC0-301F-11D3-BF4B-00C04F79EFBC}") = "todo-list-backend", "todo-list-backend\todo-list-backend.csproj", "{9DA8DD29-694A-A54F-6368-A82DE3D2C897}"
EndProject
Global
	GlobalSection(SolutionConfigurationPlatforms) = preSolution
		Debug|Any CPU = Debug|Any CPU
		Release|Any CPU = Release|Any CPU
	EndGlobalSection
	GlobalSection(ProjectConfigurationPlatforms) = postSolution
		{9DA8DD29-694A-A54F-6368-A82DE3D2C897}.Debug|Any CPU.ActiveCfg = Debug|Any CPU
		{9DA8DD29-694A-A54F-6368-A82DE3D2C897}.Debug|Any CPU.Build.0 = Debug|Any CPU
		{9DA8DD29-694A-A54F-6368-A82DE3D2C897}.Release|Any CPU.ActiveCfg = Release|Any CPU
		{9DA8DD29-694A-A54F-6368-A82DE3D2C897}.Release|Any CPU.Build.0 = Release|Any CPU
	EndGlobalSection
	GlobalSection(SolutionProperties) = preSolution
		HideSolutionNode = FALSE
	EndGlobalSection
	GlobalSection(ExtensibilityGlobals) = postSolution
		SolutionGuid = {881CB619-6801-4AA2-B6D7-68C28718B3EA}
	EndGlobalSection
EndGlobal
